
Microsoft Visual Studio Solution File, Format Version 12.00
# Visual Studio Version 17
VisualStudioVersion = 17.12.35506.116 d17.12
MinimumVisualStudioVersion = 10.0.40219.1
Project("{FAE04EC0-301F-11D3-BF4B-00C04F79EFBC}") = "mvc12030", "mvc12030\mvc12030.csproj", "{3248B632-9498-43EB-8D87-E0BBEFC3443B}"
EndProject
Global
	GlobalSection(SolutionConfigurationPlatforms) = preSolution
		Debug|Any CPU = Debug|Any CPU
		Release|Any CPU = Release|Any CPU
	EndGlobalSection
	GlobalSection(ProjectConfigurationPlatforms) = postSolution
		{3248B632-9498-43EB-8D87-E0BBEFC3443B}.Debug|Any CPU.ActiveCfg = Debug|Any CPU
		{3248B632-9498-43EB-8D87-E0BBEFC3443B}.Debug|Any CPU.Build.0 = Debug|Any CPU
		{3248B632-9498-43EB-8D87-E0BBEFC3443B}.Release|Any CPU.ActiveCfg = Release|Any CPU
		{3248B632-9498-43EB-8D87-E0BBEFC3443B}.Release|Any CPU.Build.0 = Release|Any CPU
	EndGlobalSection
	GlobalSection(SolutionProperties) = preSolution
		HideSolutionNode = FALSE
	EndGlobalSection
EndGlobal
